// !$*UTF8*$!
{
	archiveVersion = 1;
	classes = {
	};
	objectVersion = 46;
	objects = {

/* Begin PBXBuildFile section */
		289A22151DE2AD9C00F82A4F /* main.m in Sources */ = {isa = PBXBuildFile; fileRef = 289A22141DE2AD9C00F82A4F /* main.m */; };
		289A22181DE2AD9C00F82A4F /* AppDelegate.m in Sources */ = {isa = PBXBuildFile; fileRef = 289A22171DE2AD9C00F82A4F /* AppDelegate.m */; };
		289A221B1DE2AD9C00F82A4F /* ViewController.m in Sources */ = {isa = PBXBuildFile; fileRef = 289A221A1DE2AD9C00F82A4F /* ViewController.m */; };
		289A221E1DE2AD9C00F82A4F /* Main.storyboard in Resources */ = {isa = PBXBuildFile; fileRef = 289A221C1DE2AD9C00F82A4F /* Main.storyboard */; };
		289A22201DE2AD9C00F82A4F /* Assets.xcassets in Resources */ = {isa = PBXBuildFile; fileRef = 289A221F1DE2AD9C00F82A4F /* Assets.xcassets */; };
		289A22231DE2AD9C00F82A4F /* LaunchScreen.storyboard in Resources */ = {isa = PBXBuildFile; fileRef = 289A22211DE2AD9C00F82A4F /* LaunchScreen.storyboard */; };
/* End PBXBuildFile section */

/* Begin PBXFileReference section */
		289A22101DE2AD9C00F82A4F /* Hello world.app */ = {isa = PBXFileReference; explicitFileType = wrapper.application; includeInIndex = 0; path = "Hello world.app"; sourceTree = BUILT_PRODUCTS_DIR; };
		289A22141DE2AD9C00F82A4F /* main.m */ = {isa = PBXFileReference; lastKnownFileType = sourcecode.c.objc; path = main.m; sourceTree = "<group>"; };
		289A22161DE2AD9C00F82A4F /* AppDelegate.h */ = {isa = PBXFileReference; lastKnownFileType = sourcecode.c.h; path = AppDelegate.h; sourceTree = "<group>"; };
		289A22171DE2AD9C00F82A4F /* AppDelegate.m */ = {isa = PBXFileReference; lastKnownFileType = sourcecode.c.objc; path = AppDelegate.m; sourceTree = "<group>"; };
		289A22191DE2AD9C00F82A4F /* ViewController.h */ = {isa = PBXFileReference; lastKnownFileType = sourcecode.c.h; path = ViewController.h; sourceTree = "<group>"; };
		289A221A1DE2AD9C00F82A4F /* ViewController.m */ = {isa = PBXFileReference; lastKnownFileType = sourcecode.c.objc; path = ViewController.m; sourceTree = "<group>"; };
		289A221D1DE2AD9C00F82A4F /* Base */ = {isa = PBXFileReference; lastKnownFileType = file.storyboard; name = Base; path = Base.lproj/Main.storyboard; sourceTree = "<group>"; };
		289A221F1DE2AD9C00F82A4F /* Assets.xcassets */ = {isa = PBXFileReference; lastKnownFileType = folder.assetcatalog; path = Assets.xcassets; sourceTree = "<group>"; };
		289A22221DE2AD9C00F82A4F /* Base */ = {isa = PBXFileReference; lastKnownFileType = file.storyboard; name = Base; path = Base.lproj/LaunchScreen.storyboard; sourceTree = "<group>"; };
		289A22241DE2AD9C00F82A4F /* Info.plist */ = {isa = PBXFileReference; lastKnownFileType = text.plist.xml; path = Info.plist; sourceTree = "<group>"; };
/* End PBXFileReference section */

/* Begin PBXFrameworksBuildPhase section */
		289A220D1DE2AD9C00F82A4F /* Frameworks */ = {
			isa = PBXFrameworksBuildPhase;
			buildActionMask = 2147483647;
			files = (
			);
			runOnlyForDeploymentPostprocessing = 0;
		};
/* End PBXFrameworksBuildPhase section */

/* Begin PBXGroup section */
		289A22071DE2AD9C00F82A4F = {
			isa = PBXGroup;
			children = (
				289A22121DE2AD9C00F82A4F /* Hello world */,
				289A22111DE2AD9C00F82A4F /* Products */,
			);
			sourceTree = "<group>";
		};
		289A22111DE2AD9C00F82A4F /* Products */ = {
			isa = PBXGroup;
			children = (
				289A22101DE2AD9C00F82A4F /* Hello world.app */,
			);
			name = Products;
			sourceTree = "<group>";
		};
		289A22121DE2AD9C00F82A4F /* Hello world */ = {
			isa = PBXGroup;
			children = (
				289A22161DE2AD9C00F82A4F /* AppDelegate.h */,
				289A22171DE2AD9C00F82A4F /* AppDelegate.m */,
				289A22191DE2AD9C00F82A4F /* ViewController.h */,
				289A221A1DE2AD9C00F82A4F /* ViewController.m */,
				289A221C1DE2AD9C00F82A4F /* Main.storyboard */,
				289A221F1DE2AD9C00F82A4F /* Assets.xcassets */,
				289A22211DE2AD9C00F82A4F /* LaunchScreen.storyboard */,
				289A22241DE2AD9C00F82A4F /* Info.plist */,
				289A22131DE2AD9C00F82A4F /* Supporting Files */,
			);
			path = "Hello world";
			sourceTree = "<group>";
		};
		289A22131DE2AD9C00F82A4F /* Supporting Files */ = {
			isa = PBXGroup;
			children = (
				289A22141DE2AD9C00F82A4F /* main.m */,
			);
			name = "Supporting Files";
			sourceTree = "<group>";
		};
/* End PBXGroup section */

/* Begin PBXNativeTarget section */
		289A220F1DE2AD9C00F82A4F /* Hello world */ = {
			isa = PBXNativeTarget;
			buildConfigurationList = 289A22271DE2AD9C00F82A4F /* Build configuration list for PBXNativeTarget "Hello world" */;
			buildPhases = (
				289A220C1DE2AD9C00F82A4F /* Sources */,
				289A220D1DE2AD9C00F82A4F /* Frameworks */,
				289A220E1DE2AD9C00F82A4F /* Resources */,
			);
			buildRules = (
			);
			dependencies = (
			);
			name = "Hello world";
			productName = "Hello world";
			productReference = 289A22101DE2AD9C00F82A4F /* Hello world.app */;
			productType = "com.apple.product-type.application";
		};
/* End PBXNativeTarget section */

/* Begin PBXProject section */
		289A22081DE2AD9C00F82A4F /* Project object */ = {
			isa = PBXProject;
			attributes = {
				LastUpgradeCheck = 0800;
				ORGANIZATIONNAME = systprog;
				TargetAttributes = {
					289A220F1DE2AD9C00F82A4F = {
						CreatedOnToolsVersion = 8.0;
						ProvisioningStyle = Automatic;
					};
				};
			};
			buildConfigurationList = 289A220B1DE2AD9C00F82A4F /* Build configuration list for PBXProject "Hello world" */;
			compatibilityVersion = "Xcode 3.2";
			developmentRegion = English;
			hasScannedForEncodings = 0;
			knownRegions = (
				en,
				Base,
			);
			mainGroup = 289A22071DE2AD9C00F82A4F;
			productRefGroup = 289A22111DE2AD9C00F82A4F /* Products */;
			projectDirPath = "";
			projectRoot = "";
			targets = (
				289A220F1DE2AD9C00F82A4F /* Hello world */,
			);
		};
/* End PBXProject section */

/* Begin PBXResourcesBuildPhase section */
		289A220E1DE2AD9C00F82A4F /* Resources */ = {
			isa = PBXResourcesBuildPhase;
			buildActionMask = 2147483647;
			files = (
				289A22231DE2AD9C00F82A4F /* LaunchScreen.storyboard in Resources */,
				289A22201DE2AD9C00F82A4F /* Assets.xcassets in Resources */,
				289A221E1DE2AD9C00F82A4F /* Main.storyboard in Resources */,
			);
			runOnlyForDeploymentPostprocessing = 0;
		};
/* End PBXResourcesBuildPhase section */

/* Begin PBXSourcesBuildPhase section */
		289A220C1DE2AD9C00F82A4F /* Sources */ = {
			isa = PBXSourcesBuildPhase;
			buildActionMask = 2147483647;
			files = (
				289A221B1DE2AD9C00F82A4F /* ViewController.m in Sources */,
				289A22181DE2AD9C00F82A4F /* AppDelegate.m in Sources */,
				289A22151DE2AD9C00F82A4F /* main.m in Sources */,
			);
			runOnlyForDeploymentPostprocessing = 0;
		};
/* End PBXSourcesBuildPhase section */

/* Begin PBXVariantGroup section */
		289A221C1DE2AD9C00F82A4F /* Main.storyboard */ = {
			isa = PBXVariantGroup;
			children = (
				289A221D1DE2AD9C00F82A4F /* Base */,
			);
			name = Main.storyboard;
			sourceTree = "<group>";
		};
		289A22211DE2AD9C00F82A4F /* LaunchScreen.storyboard */ = {
			isa = PBXVariantGroup;
			children = (
				289A22221DE2AD9C00F82A4F /* Base */,
			);
			name = LaunchScreen.storyboard;
			sourceTree = "<group>";
		};
/* End PBXVariantGroup section */

/* Begin XCBuildConfiguration section */
		289A22251DE2AD9C00F82A4F /* Debug */ = {
			isa = XCBuildConfiguration;
			buildSettings = {
				ALWAYS_SEARCH_USER_PATHS = NO;
				CLANG_ANALYZER_NONNULL = YES;
				CLANG_CXX_LANGUAGE_STANDARD = "gnu++0x";
				CLANG_CXX_LIBRARY = "libc++";
				CLANG_ENABLE_MODULES = YES;
				CLANG_ENABLE_OBJC_ARC = YES;
				CLANG_WARN_BOOL_CONVERSION = YES;
				CLANG_WARN_CONSTANT_CONVERSION = YES;
				CLANG_WARN_DIRECT_OBJC_ISA_USAGE = YES_ERROR;
				CLANG_WARN_DOCUMENTATION_COMMENTS = YES;
				CLANG_WARN_EMPTY_BODY = YES;
				CLANG_WARN_ENUM_CONVERSION = YES;
				CLANG_WARN_INFINITE_RECURSION = YES;
				CLANG_WARN_INT_CONVERSION = YES;
				CLANG_WARN_OBJC_ROOT_CLASS = YES_ERROR;
				CLANG_WARN_SUSPICIOUS_MOVES = YES;
				CLANG_WARN_UNREACHABLE_CODE = YES;
				CLANG_WARN__DUPLICATE_METHOD_MATCH = YES;
				"CODE_SIGN_IDENTITY[sdk=iphoneos*]" = "iPhone Developer";
				COPY_PHASE_STRIP = NO;
				DEBUG_INFORMATION_FORMAT = dwarf;
				ENABLE_STRICT_OBJC_MSGSEND = YES;
				ENABLE_TESTABILITY = YES;
				GCC_C_LANGUAGE_STANDARD = gnu99;
				GCC_DYNAMIC_NO_PIC = NO;
				GCC_NO_COMMON_BLOCKS = YES;
				GCC_OPTIMIZATION_LEVEL = 0;
				GCC_PREPROCESSOR_DEFINITIONS = (
					"DEBUG=1",
					"$(inherited)",
				);
				GCC_WARN_64_TO_32_BIT_CONVERSION = YES;
				GCC_WARN_ABOUT_RETURN_TYPE = YES_ERROR;
				GCC_WARN_UNDECLARED_SELECTOR = YES;
				GCC_WARN_UNINITIALIZED_AUTOS = YES_AGGRESSIVE;
				GCC_WARN_UNUSED_FUNCTION = YES;
				GCC_WARN_UNUSED_VARIABLE = YES;
				IPHONEOS_DEPLOYMENT_TARGET = 10.0;
				MTL_ENABLE_DEBUG_INFO = YES;
				ONLY_ACTIVE_ARCH = YES;
				SDKROOT = iphoneos;
			};
			name = Debug;
		};
		289A22261DE2AD9C00F82A4F /* Release */ = {
			isa = XCBuildConfiguration;
			buildSettings = {
				ALWAYS_SEARCH_USER_PATHS = NO;
				CLANG_ANALYZER_NONNULL = YES;
				CLANG_CXX_LANGUAGE_STANDARD = "gnu++0x";
				CLANG_CXX_LIBRARY = "libc++";
				CLANG_ENABLE_MODULES = YES;
				CLANG_ENABLE_OBJC_ARC = YES;
				CLANG_WARN_BOOL_CONVERSION = YES;
				CLANG_WARN_CONSTANT_CONVERSION = YES;
				CLANG_WARN_DIRECT_OBJC_ISA_USAGE = YES_ERROR;
				CLANG_WARN_DOCUMENTATION_COMMENTS = YES;
				CLANG_WARN_EMPTY_BODY = YES;
				CLANG_WARN_ENUM_CONVERSION = YES;
				CLANG_WARN_INFINITE_RECURSION = YES;
				CLANG_WARN_INT_CONVERSION = YES;
				CLANG_WARN_OBJC_ROOT_CLASS = YES_ERROR;
				CLANG_WARN_SUSPICIOUS_MOVES = YES;
				CLANG_WARN_UNREACHABLE_CODE = YES;
				CLANG_WARN__DUPLICATE_METHOD_MATCH = YES;
				"CODE_SIGN_IDENTITY[sdk=iphoneos*]" = "iPhone Developer";
				COPY_PHASE_STRIP = NO;
				DEBUG_INFORMATION_FORMAT = "dwarf-with-dsym";
				ENABLE_NS_ASSERTIONS = NO;
				ENABLE_STRICT_OBJC_MSGSEND = YES;
				GCC_C_LANGUAGE_STANDARD = gnu99;
				GCC_NO_COMMON_BLOCKS = YES;
				GCC_WARN_64_TO_32_BIT_CONVERSION = YES;
				GCC_WARN_ABOUT_RETURN_TYPE = YES_ERROR;
				GCC_WARN_UNDECLARED_SELECTOR = YES;
				GCC_WARN_UNINITIALIZED_AUTOS = YES_AGGRESSIVE;
				GCC_WARN_UNUSED_FUNCTION = YES;
				GCC_WARN_UNUSED_VARIABLE = YES;
				IPHONEOS_DEPLOYMENT_TARGET = 10.0;
				MTL_ENABLE_DEBUG_INFO = NO;
				SDKROOT = iphoneos;
				VALIDATE_PRODUCT = YES;
			};
			name = Release;
		};
		289A22281DE2AD9C00F82A4F /* Debug */ = {
			isa = XCBuildConfiguration;
			buildSettings = {
				ASSETCATALOG_COMPILER_APPICON_NAME = AppIcon;
				INFOPLIST_FILE = "Hello world/Info.plist";
				LD_RUNPATH_SEARCH_PATHS = "$(inherited) @executable_path/Frameworks";
				PRODUCT_BUNDLE_IDENTIFIER = "id.co.systprog.Hello-world";
				PRODUCT_NAME = "$(TARGET_NAME)";
			};
			name = Debug;
		};
		289A22291DE2AD9C00F82A4F /* Release */ = {
			isa = XCBuildConfiguration;
			buildSettings = {
				ASSETCATALOG_COMPILER_APPICON_NAME = AppIcon;
				INFOPLIST_FILE = "Hello world/Info.plist";
				LD_RUNPATH_SEARCH_PATHS = "$(inherited) @executable_path/Frameworks";
				PRODUCT_BUNDLE_IDENTIFIER = "id.co.systprog.Hello-world";
				PRODUCT_NAME = "$(TARGET_NAME)";
			};
			name = Release;
		};
/* End XCBuildConfiguration section */

/* Begin XCConfigurationList section */
		289A220B1DE2AD9C00F82A4F /* Build configuration list for PBXProject "Hello world" */ = {
			isa = XCConfigurationList;
			buildConfigurations = (
				289A22251DE2AD9C00F82A4F /* Debug */,
				289A22261DE2AD9C00F82A4F /* Release */,
			);
			defaultConfigurationIsVisible = 0;
			defaultConfigurationName = Release;
		};
		289A22271DE2AD9C00F82A4F /* Build configuration list for PBXNativeTarget "Hello world" */ = {
			isa = XCConfigurationList;
			buildConfigurations = (
				289A22281DE2AD9C00F82A4F /* Debug */,
				289A22291DE2AD9C00F82A4F /* Release */,
			);
			defaultConfigurationIsVisible = 0;
		};
/* End XCConfigurationList section */
	};
	rootObject = 289A22081DE2AD9C00F82A4F /* Project object */;
}
